// !$*UTF8*$!
{
	archiveVersion = 1;
	classes = {
	};
	objectVersion = 55;
	objects = {

/* Begin PBXBuildFile section */
		7558A83B27A6C3A40005A097 /* WeatherDraft.swift in Sources */ = {isa = PBXBuildFile; fileRef = 7558A83A27A6C3A40005A097 /* WeatherDraft.swift */; };
		75C8CF7B279A83F50014FE48 /* SwiftUI_WeatherApp.swift in Sources */ = {isa = PBXBuildFile; fileRef = 75C8CF7A279A83F50014FE48 /* SwiftUI_WeatherApp.swift */; };
		75C8CF7D279A83F50014FE48 /* LoginView.swift in Sources */ = {isa = PBXBuildFile; fileRef = 75C8CF7C279A83F50014FE48 /* LoginView.swift */; };
		75C8CF7F279A83F60014FE48 /* Assets.xcassets in Resources */ = {isa = PBXBuildFile; fileRef = 75C8CF7E279A83F60014FE48 /* Assets.xcassets */; };
		75C8CF82279A83F60014FE48 /* Preview Assets.xcassets in Resources */ = {isa = PBXBuildFile; fileRef = 75C8CF81279A83F60014FE48 /* Preview Assets.xcassets */; };
		75DE754C27A5769300B3A128 /* Lesson2.swift in Sources */ = {isa = PBXBuildFile; fileRef = 75DE754B27A5769300B3A128 /* Lesson2.swift */; };
		75E10DDF27A973C90046682E /* MainView.swift in Sources */ = {isa = PBXBuildFile; fileRef = 75E10DDE27A973C90046682E /* MainView.swift */; };
		75E10DE227A99EA80046682E /* City.swift in Sources */ = {isa = PBXBuildFile; fileRef = 75E10DE127A99EA80046682E /* City.swift */; };
		75E10DE527A99F6B0046682E /* CitiesView.swift in Sources */ = {isa = PBXBuildFile; fileRef = 75E10DE427A99F6B0046682E /* CitiesView.swift */; };
		75E10DE727A9A23F0046682E /* CityCellView.swift in Sources */ = {isa = PBXBuildFile; fileRef = 75E10DE627A9A23F0046682E /* CityCellView.swift */; };
		75E10DE927A9AD7A0046682E /* ForecastView.swift in Sources */ = {isa = PBXBuildFile; fileRef = 75E10DE827A9AD7A0046682E /* ForecastView.swift */; };
		75E10DEB27A9ADBE0046682E /* Weather.swift in Sources */ = {isa = PBXBuildFile; fileRef = 75E10DEA27A9ADBE0046682E /* Weather.swift */; };
		75E10DED27A9AF300046682E /* WeatherView.swift in Sources */ = {isa = PBXBuildFile; fileRef = 75E10DEC27A9AF300046682E /* WeatherView.swift */; };
		75FBC14B27ABE8AB00B4049D /* TabBar.swift in Sources */ = {isa = PBXBuildFile; fileRef = 75FBC14A27ABE8AB00B4049D /* TabBar.swift */; };
/* End PBXBuildFile section */

/* Begin PBXFileReference section */
		7558A83A27A6C3A40005A097 /* WeatherDraft.swift */ = {isa = PBXFileReference; lastKnownFileType = sourcecode.swift; path = WeatherDraft.swift; sourceTree = "<group>"; };
		75C8CF77279A83F50014FE48 /* SwiftUI-Weather.app */ = {isa = PBXFileReference; explicitFileType = wrapper.application; includeInIndex = 0; path = "SwiftUI-Weather.app"; sourceTree = BUILT_PRODUCTS_DIR; };
		75C8CF7A279A83F50014FE48 /* SwiftUI_WeatherApp.swift */ = {isa = PBXFileReference; lastKnownFileType = sourcecode.swift; path = SwiftUI_WeatherApp.swift; sourceTree = "<group>"; };
		75C8CF7C279A83F50014FE48 /* LoginView.swift */ = {isa = PBXFileReference; lastKnownFileType = sourcecode.swift; path = LoginView.swift; sourceTree = "<group>"; };
		75C8CF7E279A83F60014FE48 /* Assets.xcassets */ = {isa = PBXFileReference; lastKnownFileType = folder.assetcatalog; path = Assets.xcassets; sourceTree = "<group>"; };
		75C8CF81279A83F60014FE48 /* Preview Assets.xcassets */ = {isa = PBXFileReference; lastKnownFileType = folder.assetcatalog; path = "Preview Assets.xcassets"; sourceTree = "<group>"; };
		75DE754B27A5769300B3A128 /* Lesson2.swift */ = {isa = PBXFileReference; lastKnownFileType = sourcecode.swift; path = Lesson2.swift; sourceTree = "<group>"; };
		75E10DDE27A973C90046682E /* MainView.swift */ = {isa = PBXFileReference; lastKnownFileType = sourcecode.swift; path = MainView.swift; sourceTree = "<group>"; };
		75E10DE127A99EA80046682E /* City.swift */ = {isa = PBXFileReference; lastKnownFileType = sourcecode.swift; path = City.swift; sourceTree = "<group>"; };
		75E10DE427A99F6B0046682E /* CitiesView.swift */ = {isa = PBXFileReference; lastKnownFileType = sourcecode.swift; path = CitiesView.swift; sourceTree = "<group>"; };
		75E10DE627A9A23F0046682E /* CityCellView.swift */ = {isa = PBXFileReference; lastKnownFileType = sourcecode.swift; path = CityCellView.swift; sourceTree = "<group>"; };
		75E10DE827A9AD7A0046682E /* ForecastView.swift */ = {isa = PBXFileReference; lastKnownFileType = sourcecode.swift; path = ForecastView.swift; sourceTree = "<group>"; };
		75E10DEA27A9ADBE0046682E /* Weather.swift */ = {isa = PBXFileReference; lastKnownFileType = sourcecode.swift; path = Weather.swift; sourceTree = "<group>"; };
		75E10DEC27A9AF300046682E /* WeatherView.swift */ = {isa = PBXFileReference; lastKnownFileType = sourcecode.swift; path = WeatherView.swift; sourceTree = "<group>"; };
		75FBC14A27ABE8AB00B4049D /* TabBar.swift */ = {isa = PBXFileReference; lastKnownFileType = sourcecode.swift; path = TabBar.swift; sourceTree = "<group>"; };
/* End PBXFileReference section */

/* Begin PBXFrameworksBuildPhase section */
		75C8CF74279A83F50014FE48 /* Frameworks */ = {
			isa = PBXFrameworksBuildPhase;
			buildActionMask = 2147483647;
			files = (
			);
			runOnlyForDeploymentPostprocessing = 0;
		};
/* End PBXFrameworksBuildPhase section */

/* Begin PBXGroup section */
		75C8CF6E279A83F50014FE48 = {
			isa = PBXGroup;
			children = (
				75C8CF79279A83F50014FE48 /* SwiftUI-Weather */,
				75C8CF78279A83F50014FE48 /* Products */,
			);
			sourceTree = "<group>";
		};
		75C8CF78279A83F50014FE48 /* Products */ = {
			isa = PBXGroup;
			children = (
				75C8CF77279A83F50014FE48 /* SwiftUI-Weather.app */,
			);
			name = Products;
			sourceTree = "<group>";
		};
		75C8CF79279A83F50014FE48 /* SwiftUI-Weather */ = {
			isa = PBXGroup;
			children = (
				75E10DE327A99F3A0046682E /* Draft */,
				75C8CF7A279A83F50014FE48 /* SwiftUI_WeatherApp.swift */,
				75E10DDE27A973C90046682E /* MainView.swift */,
				75C8CF7C279A83F50014FE48 /* LoginView.swift */,
				75E10DEE27A9B1950046682E /* CityView */,
				75E10DEF27A9B19E0046682E /* WeatherView */,
				75E10DE027A99E8D0046682E /* Model */,
				75C8CF7E279A83F60014FE48 /* Assets.xcassets */,
				75C8CF80279A83F60014FE48 /* Preview Content */,
			);
			path = "SwiftUI-Weather";
			sourceTree = "<group>";
		};
		75C8CF80279A83F60014FE48 /* Preview Content */ = {
			isa = PBXGroup;
			children = (
				75C8CF81279A83F60014FE48 /* Preview Assets.xcassets */,
			);
			path = "Preview Content";
			sourceTree = "<group>";
		};
		75E10DE027A99E8D0046682E /* Model */ = {
			isa = PBXGroup;
			children = (
				75E10DE127A99EA80046682E /* City.swift */,
				75E10DEA27A9ADBE0046682E /* Weather.swift */,
			);
			path = Model;
			sourceTree = "<group>";
		};
		75E10DE327A99F3A0046682E /* Draft */ = {
			isa = PBXGroup;
			children = (
				7558A83A27A6C3A40005A097 /* WeatherDraft.swift */,
				75DE754B27A5769300B3A128 /* Lesson2.swift */,
				75FBC14A27ABE8AB00B4049D /* TabBar.swift */,
			);
			path = Draft;
			sourceTree = "<group>";
		};
		75E10DEE27A9B1950046682E /* CityView */ = {
			isa = PBXGroup;
			children = (
				75E10DE427A99F6B0046682E /* CitiesView.swift */,
				75E10DE627A9A23F0046682E /* CityCellView.swift */,
			);
			path = CityView;
			sourceTree = "<group>";
		};
		75E10DEF27A9B19E0046682E /* WeatherView */ = {
			isa = PBXGroup;
			children = (
				75E10DE827A9AD7A0046682E /* ForecastView.swift */,
				75E10DEC27A9AF300046682E /* WeatherView.swift */,
			);
			path = WeatherView;
			sourceTree = "<group>";
		};
/* End PBXGroup section */

/* Begin PBXNativeTarget section */
		75C8CF76279A83F50014FE48 /* SwiftUI-Weather */ = {
			isa = PBXNativeTarget;
			buildConfigurationList = 75C8CF85279A83F60014FE48 /* Build configuration list for PBXNativeTarget "SwiftUI-Weather" */;
			buildPhases = (
				75C8CF73279A83F50014FE48 /* Sources */,
				75C8CF74279A83F50014FE48 /* Frameworks */,
				75C8CF75279A83F50014FE48 /* Resources */,
			);
			buildRules = (
			);
			dependencies = (
			);
			name = "SwiftUI-Weather";
			productName = "SwiftUI-Weather";
			productReference = 75C8CF77279A83F50014FE48 /* SwiftUI-Weather.app */;
			productType = "com.apple.product-type.application";
		};
/* End PBXNativeTarget section */

/* Begin PBXProject section */
		75C8CF6F279A83F50014FE48 /* Project object */ = {
			isa = PBXProject;
			attributes = {
				BuildIndependentTargetsInParallel = 1;
				LastSwiftUpdateCheck = 1320;
				LastUpgradeCheck = 1320;
				TargetAttributes = {
					75C8CF76279A83F50014FE48 = {
						CreatedOnToolsVersion = 13.2.1;
					};
				};
			};
			buildConfigurationList = 75C8CF72279A83F50014FE48 /* Build configuration list for PBXProject "SwiftUI-Weather" */;
			compatibilityVersion = "Xcode 13.0";
			developmentRegion = en;
			hasScannedForEncodings = 0;
			knownRegions = (
				en,
				Base,
			);
			mainGroup = 75C8CF6E279A83F50014FE48;
			productRefGroup = 75C8CF78279A83F50014FE48 /* Products */;
			projectDirPath = "";
			projectRoot = "";
			targets = (
				75C8CF76279A83F50014FE48 /* SwiftUI-Weather */,
			);
		};
/* End PBXProject section */

/* Begin PBXResourcesBuildPhase section */
		75C8CF75279A83F50014FE48 /* Resources */ = {
			isa = PBXResourcesBuildPhase;
			buildActionMask = 2147483647;
			files = (
				75C8CF82279A83F60014FE48 /* Preview Assets.xcassets in Resources */,
				75C8CF7F279A83F60014FE48 /* Assets.xcassets in Resources */,
			);
			runOnlyForDeploymentPostprocessing = 0;
		};
/* End PBXResourcesBuildPhase section */

/* Begin PBXSourcesBuildPhase section */
		75C8CF73279A83F50014FE48 /* Sources */ = {
			isa = PBXSourcesBuildPhase;
			buildActionMask = 2147483647;
			files = (
				75DE754C27A5769300B3A128 /* Lesson2.swift in Sources */,
				75E10DDF27A973C90046682E /* MainView.swift in Sources */,
				75E10DE227A99EA80046682E /* City.swift in Sources */,
				75FBC14B27ABE8AB00B4049D /* TabBar.swift in Sources */,
				75C8CF7D279A83F50014FE48 /* LoginView.swift in Sources */,
				75E10DEB27A9ADBE0046682E /* Weather.swift in Sources */,
				75C8CF7B279A83F50014FE48 /* SwiftUI_WeatherApp.swift in Sources */,
				75E10DE927A9AD7A0046682E /* ForecastView.swift in Sources */,
				75E10DED27A9AF300046682E /* WeatherView.swift in Sources */,
				75E10DE727A9A23F0046682E /* CityCellView.swift in Sources */,
				75E10DE527A99F6B0046682E /* CitiesView.swift in Sources */,
				7558A83B27A6C3A40005A097 /* WeatherDraft.swift in Sources */,
			);
			runOnlyForDeploymentPostprocessing = 0;
		};
/* End PBXSourcesBuildPhase section */

/* Begin XCBuildConfiguration section */
		75C8CF83279A83F60014FE48 /* Debug */ = {
			isa = XCBuildConfiguration;
			buildSettings = {
				ALWAYS_SEARCH_USER_PATHS = NO;
				CLANG_ANALYZER_NONNULL = YES;
				CLANG_ANALYZER_NUMBER_OBJECT_CONVERSION = YES_AGGRESSIVE;
				CLANG_CXX_LANGUAGE_STANDARD = "gnu++17";
				CLANG_CXX_LIBRARY = "libc++";
				CLANG_ENABLE_MODULES = YES;
				CLANG_ENABLE_OBJC_ARC = YES;
				CLANG_ENABLE_OBJC_WEAK = YES;
				CLANG_WARN_BLOCK_CAPTURE_AUTORELEASING = YES;
				CLANG_WARN_BOOL_CONVERSION = YES;
				CLANG_WARN_COMMA = YES;
				CLANG_WARN_CONSTANT_CONVERSION = YES;
				CLANG_WARN_DEPRECATED_OBJC_IMPLEMENTATIONS = YES;
				CLANG_WARN_DIRECT_OBJC_ISA_USAGE = YES_ERROR;
				CLANG_WARN_DOCUMENTATION_COMMENTS = YES;
				CLANG_WARN_EMPTY_BODY = YES;
				CLANG_WARN_ENUM_CONVERSION = YES;
				CLANG_WARN_INFINITE_RECURSION = YES;
				CLANG_WARN_INT_CONVERSION = YES;
				CLANG_WARN_NON_LITERAL_NULL_CONVERSION = YES;
				CLANG_WARN_OBJC_IMPLICIT_RETAIN_SELF = YES;
				CLANG_WARN_OBJC_LITERAL_CONVERSION = YES;
				CLANG_WARN_OBJC_ROOT_CLASS = YES_ERROR;
				CLANG_WARN_QUOTED_INCLUDE_IN_FRAMEWORK_HEADER = YES;
				CLANG_WARN_RANGE_LOOP_ANALYSIS = YES;
				CLANG_WARN_STRICT_PROTOTYPES = YES;
				CLANG_WARN_SUSPICIOUS_MOVE = YES;
				CLANG_WARN_UNGUARDED_AVAILABILITY = YES_AGGRESSIVE;
				CLANG_WARN_UNREACHABLE_CODE = YES;
				CLANG_WARN__DUPLICATE_METHOD_MATCH = YES;
				COPY_PHASE_STRIP = NO;
				DEBUG_INFORMATION_FORMAT = dwarf;
				ENABLE_STRICT_OBJC_MSGSEND = YES;
				ENABLE_TESTABILITY = YES;
				GCC_C_LANGUAGE_STANDARD = gnu11;
				GCC_DYNAMIC_NO_PIC = NO;
				GCC_NO_COMMON_BLOCKS = YES;
				GCC_OPTIMIZATION_LEVEL = 0;
				GCC_PREPROCESSOR_DEFINITIONS = (
					"DEBUG=1",
					"$(inherited)",
				);
				GCC_WARN_64_TO_32_BIT_CONVERSION = YES;
				GCC_WARN_ABOUT_RETURN_TYPE = YES_ERROR;
				GCC_WARN_UNDECLARED_SELECTOR = YES;
				GCC_WARN_UNINITIALIZED_AUTOS = YES_AGGRESSIVE;
				GCC_WARN_UNUSED_FUNCTION = YES;
				GCC_WARN_UNUSED_VARIABLE = YES;
				IPHONEOS_DEPLOYMENT_TARGET = 15.2;
				MTL_ENABLE_DEBUG_INFO = INCLUDE_SOURCE;
				MTL_FAST_MATH = YES;
				ONLY_ACTIVE_ARCH = YES;
				SDKROOT = iphoneos;
				SWIFT_ACTIVE_COMPILATION_CONDITIONS = DEBUG;
				SWIFT_OPTIMIZATION_LEVEL = "-Onone";
			};
			name = Debug;
		};
		75C8CF84279A83F60014FE48 /* Release */ = {
			isa = XCBuildConfiguration;
			buildSettings = {
				ALWAYS_SEARCH_USER_PATHS = NO;
				CLANG_ANALYZER_NONNULL = YES;
				CLANG_ANALYZER_NUMBER_OBJECT_CONVERSION = YES_AGGRESSIVE;
				CLANG_CXX_LANGUAGE_STANDARD = "gnu++17";
				CLANG_CXX_LIBRARY = "libc++";
				CLANG_ENABLE_MODULES = YES;
				CLANG_ENABLE_OBJC_ARC = YES;
				CLANG_ENABLE_OBJC_WEAK = YES;
				CLANG_WARN_BLOCK_CAPTURE_AUTORELEASING = YES;
				CLANG_WARN_BOOL_CONVERSION = YES;
				CLANG_WARN_COMMA = YES;
				CLANG_WARN_CONSTANT_CONVERSION = YES;
				CLANG_WARN_DEPRECATED_OBJC_IMPLEMENTATIONS = YES;
				CLANG_WARN_DIRECT_OBJC_ISA_USAGE = YES_ERROR;
				CLANG_WARN_DOCUMENTATION_COMMENTS = YES;
				CLANG_WARN_EMPTY_BODY = YES;
				CLANG_WARN_ENUM_CONVERSION = YES;
				CLANG_WARN_INFINITE_RECURSION = YES;
				CLANG_WARN_INT_CONVERSION = YES;
				CLANG_WARN_NON_LITERAL_NULL_CONVERSION = YES;
				CLANG_WARN_OBJC_IMPLICIT_RETAIN_SELF = YES;
				CLANG_WARN_OBJC_LITERAL_CONVERSION = YES;
				CLANG_WARN_OBJC_ROOT_CLASS = YES_ERROR;
				CLANG_WARN_QUOTED_INCLUDE_IN_FRAMEWORK_HEADER = YES;
				CLANG_WARN_RANGE_LOOP_ANALYSIS = YES;
				CLANG_WARN_STRICT_PROTOTYPES = YES;
				CLANG_WARN_SUSPICIOUS_MOVE = YES;
				CLANG_WARN_UNGUARDED_AVAILABILITY = YES_AGGRESSIVE;
				CLANG_WARN_UNREACHABLE_CODE = YES;
				CLANG_WARN__DUPLICATE_METHOD_MATCH = YES;
				COPY_PHASE_STRIP = NO;
				DEBUG_INFORMATION_FORMAT = "dwarf-with-dsym";
				ENABLE_NS_ASSERTIONS = NO;
				ENABLE_STRICT_OBJC_MSGSEND = YES;
				GCC_C_LANGUAGE_STANDARD = gnu11;
				GCC_NO_COMMON_BLOCKS = YES;
				GCC_WARN_64_TO_32_BIT_CONVERSION = YES;
				GCC_WARN_ABOUT_RETURN_TYPE = YES_ERROR;
				GCC_WARN_UNDECLARED_SELECTOR = YES;
				GCC_WARN_UNINITIALIZED_AUTOS = YES_AGGRESSIVE;
				GCC_WARN_UNUSED_FUNCTION = YES;
				GCC_WARN_UNUSED_VARIABLE = YES;
				IPHONEOS_DEPLOYMENT_TARGET = 15.2;
				MTL_ENABLE_DEBUG_INFO = NO;
				MTL_FAST_MATH = YES;
				SDKROOT = iphoneos;
				SWIFT_COMPILATION_MODE = wholemodule;
				SWIFT_OPTIMIZATION_LEVEL = "-O";
				VALIDATE_PRODUCT = YES;
			};
			name = Release;
		};
		75C8CF86279A83F60014FE48 /* Debug */ = {
			isa = XCBuildConfiguration;
			buildSettings = {
				ASSETCATALOG_COMPILER_APPICON_NAME = AppIcon;
				ASSETCATALOG_COMPILER_GLOBAL_ACCENT_COLOR_NAME = AccentColor;
				CODE_SIGN_STYLE = Automatic;
				CURRENT_PROJECT_VERSION = 1;
				DEVELOPMENT_ASSET_PATHS = "\"SwiftUI-Weather/Preview Content\"";
				DEVELOPMENT_TEAM = 3NDPBHQ9PJ;
				ENABLE_PREVIEWS = YES;
				GENERATE_INFOPLIST_FILE = YES;
				INFOPLIST_KEY_UIApplicationSceneManifest_Generation = YES;
				INFOPLIST_KEY_UIApplicationSupportsIndirectInputEvents = YES;
				INFOPLIST_KEY_UILaunchScreen_Generation = YES;
				INFOPLIST_KEY_UISupportedInterfaceOrientations_iPad = "UIInterfaceOrientationPortrait UIInterfaceOrientationPortraitUpsideDown UIInterfaceOrientationLandscapeLeft UIInterfaceOrientationLandscapeRight";
				INFOPLIST_KEY_UISupportedInterfaceOrientations_iPhone = "UIInterfaceOrientationPortrait UIInterfaceOrientationLandscapeLeft UIInterfaceOrientationLandscapeRight";
				LD_RUNPATH_SEARCH_PATHS = (
					"$(inherited)",
					"@executable_path/Frameworks",
				);
				MARKETING_VERSION = 1.0;
				PRODUCT_BUNDLE_IDENTIFIER = "ru.ArturDokhno.SwiftUI-Weather";
				PRODUCT_NAME = "$(TARGET_NAME)";
				SWIFT_EMIT_LOC_STRINGS = YES;
				SWIFT_VERSION = 5.0;
				TARGETED_DEVICE_FAMILY = "1,2";
			};
			name = Debug;
		};
		75C8CF87279A83F60014FE48 /* Release */ = {
			isa = XCBuildConfiguration;
			buildSettings = {
				ASSETCATALOG_COMPILER_APPICON_NAME = AppIcon;
				ASSETCATALOG_COMPILER_GLOBAL_ACCENT_COLOR_NAME = AccentColor;
				CODE_SIGN_STYLE = Automatic;
				CURRENT_PROJECT_VERSION = 1;
				DEVELOPMENT_ASSET_PATHS = "\"SwiftUI-Weather/Preview Content\"";
				DEVELOPMENT_TEAM = 3NDPBHQ9PJ;
				ENABLE_PREVIEWS = YES;
				GENERATE_INFOPLIST_FILE = YES;
				INFOPLIST_KEY_UIApplicationSceneManifest_Generation = YES;
				INFOPLIST_KEY_UIApplicationSupportsIndirectInputEvents = YES;
				INFOPLIST_KEY_UILaunchScreen_Generation = YES;
				INFOPLIST_KEY_UISupportedInterfaceOrientations_iPad = "UIInterfaceOrientationPortrait UIInterfaceOrientationPortraitUpsideDown UIInterfaceOrientationLandscapeLeft UIInterfaceOrientationLandscapeRight";
				INFOPLIST_KEY_UISupportedInterfaceOrientations_iPhone = "UIInterfaceOrientationPortrait UIInterfaceOrientationLandscapeLeft UIInterfaceOrientationLandscapeRight";
				LD_RUNPATH_SEARCH_PATHS = (
					"$(inherited)",
					"@executable_path/Frameworks",
				);
				MARKETING_VERSION = 1.0;
				PRODUCT_BUNDLE_IDENTIFIER = "ru.ArturDokhno.SwiftUI-Weather";
				PRODUCT_NAME = "$(TARGET_NAME)";
				SWIFT_EMIT_LOC_STRINGS = YES;
				SWIFT_VERSION = 5.0;
				TARGETED_DEVICE_FAMILY = "1,2";
			};
			name = Release;
		};
/* End XCBuildConfiguration section */

/* Begin XCConfigurationList section */
		75C8CF72279A83F50014FE48 /* Build configuration list for PBXProject "SwiftUI-Weather" */ = {
			isa = XCConfigurationList;
			buildConfigurations = (
				75C8CF83279A83F60014FE48 /* Debug */,
				75C8CF84279A83F60014FE48 /* Release */,
			);
			defaultConfigurationIsVisible = 0;
			defaultConfigurationName = Release;
		};
		75C8CF85279A83F60014FE48 /* Build configuration list for PBXNativeTarget "SwiftUI-Weather" */ = {
			isa = XCConfigurationList;
			buildConfigurations = (
				75C8CF86279A83F60014FE48 /* Debug */,
				75C8CF87279A83F60014FE48 /* Release */,
			);
			defaultConfigurationIsVisible = 0;
			defaultConfigurationName = Release;
		};
/* End XCConfigurationList section */
	};
	rootObject = 75C8CF6F279A83F50014FE48 /* Project object */;
}
